// !$*UTF8*$!
{
	archiveVersion = 1;
	classes = {
	};
	objectVersion = 56;
	objects = {

/* Begin PBXBuildFile section */
		F91A4E8328D530FC007999CE /* main.swift in Sources */ = {isa = PBXBuildFile; fileRef = F91A4E8228D530FC007999CE /* main.swift */; };
/* End PBXBuildFile section */

/* Begin PBXCopyFilesBuildPhase section */
		F91A4E7D28D530FC007999CE /* CopyFiles */ = {
			isa = PBXCopyFilesBuildPhase;
			buildActionMask = 2147483647;
			dstPath = /usr/share/man/man1/;
			dstSubfolderSpec = 0;
			files = (
			);
			runOnlyForDeploymentPostprocessing = 1;
		};
/* End PBXCopyFilesBuildPhase section */

/* Begin PBXFileReference section */
		F91A4E7F28D530FC007999CE /* 2.조건문 */ = {isa = PBXFileReference; explicitFileType = "compiled.mach-o.executable"; includeInIndex = 0; path = "2.조건문"; sourceTree = BUILT_PRODUCTS_DIR; };
		F91A4E8228D530FC007999CE /* main.swift */ = {isa = PBXFileReference; lastKnownFileType = sourcecode.swift; path = main.swift; sourceTree = "<group>"; };
		F91A4E8B28D532A4007999CE /* 01.두 수 비교하기.swift */ = {isa = PBXFileReference; lastKnownFileType = sourcecode.swift; path = "01.두 수 비교하기.swift"; sourceTree = "<group>"; };
		F91A4E8C28D533FD007999CE /* 02.시험 성적.swift */ = {isa = PBXFileReference; lastKnownFileType = sourcecode.swift; path = "02.시험 성적.swift"; sourceTree = "<group>"; };
		F91A4E8D28D535BE007999CE /* 03.윤년.swift */ = {isa = PBXFileReference; lastKnownFileType = sourcecode.swift; path = "03.윤년.swift"; sourceTree = "<group>"; };
		F91A4E8E28D536C6007999CE /* 04.사분면 고르기.swift */ = {isa = PBXFileReference; lastKnownFileType = sourcecode.swift; path = "04.사분면 고르기.swift"; sourceTree = "<group>"; };
		F91A4E8F28D538F8007999CE /* 05.알람 시계.swift */ = {isa = PBXFileReference; lastKnownFileType = sourcecode.swift; path = "05.알람 시계.swift"; sourceTree = "<group>"; };
		F91A4E9028D53BE4007999CE /* 06.오븐 시계.swift */ = {isa = PBXFileReference; lastKnownFileType = sourcecode.swift; path = "06.오븐 시계.swift"; sourceTree = "<group>"; };
		F91A4E9128D53F72007999CE /* 07.주사위 세개.swift */ = {isa = PBXFileReference; lastKnownFileType = sourcecode.swift; path = "07.주사위 세개.swift"; sourceTree = "<group>"; };
/* End PBXFileReference section */

/* Begin PBXFrameworksBuildPhase section */
		F91A4E7C28D530FC007999CE /* Frameworks */ = {
			isa = PBXFrameworksBuildPhase;
			buildActionMask = 2147483647;
			files = (
			);
			runOnlyForDeploymentPostprocessing = 0;
		};
/* End PBXFrameworksBuildPhase section */

/* Begin PBXGroup section */
		F91A4E7628D530FC007999CE = {
			isa = PBXGroup;
			children = (
				F91A4E9128D53F72007999CE /* 07.주사위 세개.swift */,
				F91A4E9028D53BE4007999CE /* 06.오븐 시계.swift */,
				F91A4E8F28D538F8007999CE /* 05.알람 시계.swift */,
				F91A4E8E28D536C6007999CE /* 04.사분면 고르기.swift */,
				F91A4E8D28D535BE007999CE /* 03.윤년.swift */,
				F91A4E8C28D533FD007999CE /* 02.시험 성적.swift */,
				F91A4E8B28D532A4007999CE /* 01.두 수 비교하기.swift */,
				F91A4E8128D530FC007999CE /* 2.조건문 */,
				F91A4E8028D530FC007999CE /* Products */,
			);
			sourceTree = "<group>";
		};
		F91A4E8028D530FC007999CE /* Products */ = {
			isa = PBXGroup;
			children = (
				F91A4E7F28D530FC007999CE /* 2.조건문 */,
			);
			name = Products;
			sourceTree = "<group>";
		};
		F91A4E8128D530FC007999CE /* 2.조건문 */ = {
			isa = PBXGroup;
			children = (
				F91A4E8228D530FC007999CE /* main.swift */,
			);
			path = "2.조건문";
			sourceTree = "<group>";
		};
/* End PBXGroup section */

/* Begin PBXNativeTarget section */
		F91A4E7E28D530FC007999CE /* 2.조건문 */ = {
			isa = PBXNativeTarget;
			buildConfigurationList = F91A4E8628D530FC007999CE /* Build configuration list for PBXNativeTarget "2.조건문" */;
			buildPhases = (
				F91A4E7B28D530FC007999CE /* Sources */,
				F91A4E7C28D530FC007999CE /* Frameworks */,
				F91A4E7D28D530FC007999CE /* CopyFiles */,
			);
			buildRules = (
			);
			dependencies = (
			);
			name = "2.조건문";
			productName = "2.조건문";
			productReference = F91A4E7F28D530FC007999CE /* 2.조건문 */;
			productType = "com.apple.product-type.tool";
		};
/* End PBXNativeTarget section */

/* Begin PBXProject section */
		F91A4E7728D530FC007999CE /* Project object */ = {
			isa = PBXProject;
			attributes = {
				BuildIndependentTargetsInParallel = 1;
				LastSwiftUpdateCheck = 1400;
				LastUpgradeCheck = 1400;
				TargetAttributes = {
					F91A4E7E28D530FC007999CE = {
						CreatedOnToolsVersion = 14.0;
					};
				};
			};
			buildConfigurationList = F91A4E7A28D530FC007999CE /* Build configuration list for PBXProject "2.조건문" */;
			compatibilityVersion = "Xcode 14.0";
			developmentRegion = en;
			hasScannedForEncodings = 0;
			knownRegions = (
				en,
				Base,
			);
			mainGroup = F91A4E7628D530FC007999CE;
			productRefGroup = F91A4E8028D530FC007999CE /* Products */;
			projectDirPath = "";
			projectRoot = "";
			targets = (
				F91A4E7E28D530FC007999CE /* 2.조건문 */,
			);
		};
/* End PBXProject section */

/* Begin PBXSourcesBuildPhase section */
		F91A4E7B28D530FC007999CE /* Sources */ = {
			isa = PBXSourcesBuildPhase;
			buildActionMask = 2147483647;
			files = (
				F91A4E8328D530FC007999CE /* main.swift in Sources */,
			);
			runOnlyForDeploymentPostprocessing = 0;
		};
/* End PBXSourcesBuildPhase section */

/* Begin XCBuildConfiguration section */
		F91A4E8428D530FC007999CE /* Debug */ = {
			isa = XCBuildConfiguration;
			buildSettings = {
				ALWAYS_SEARCH_USER_PATHS = NO;
				CLANG_ANALYZER_NONNULL = YES;
				CLANG_ANALYZER_NUMBER_OBJECT_CONVERSION = YES_AGGRESSIVE;
				CLANG_CXX_LANGUAGE_STANDARD = "gnu++20";
				CLANG_ENABLE_MODULES = YES;
				CLANG_ENABLE_OBJC_ARC = YES;
				CLANG_ENABLE_OBJC_WEAK = YES;
				CLANG_WARN_BLOCK_CAPTURE_AUTORELEASING = YES;
				CLANG_WARN_BOOL_CONVERSION = YES;
				CLANG_WARN_COMMA = YES;
				CLANG_WARN_CONSTANT_CONVERSION = YES;
				CLANG_WARN_DEPRECATED_OBJC_IMPLEMENTATIONS = YES;
				CLANG_WARN_DIRECT_OBJC_ISA_USAGE = YES_ERROR;
				CLANG_WARN_DOCUMENTATION_COMMENTS = YES;
				CLANG_WARN_EMPTY_BODY = YES;
				CLANG_WARN_ENUM_CONVERSION = YES;
				CLANG_WARN_INFINITE_RECURSION = YES;
				CLANG_WARN_INT_CONVERSION = YES;
				CLANG_WARN_NON_LITERAL_NULL_CONVERSION = YES;
				CLANG_WARN_OBJC_IMPLICIT_RETAIN_SELF = YES;
				CLANG_WARN_OBJC_LITERAL_CONVERSION = YES;
				CLANG_WARN_OBJC_ROOT_CLASS = YES_ERROR;
				CLANG_WARN_QUOTED_INCLUDE_IN_FRAMEWORK_HEADER = YES;
				CLANG_WARN_RANGE_LOOP_ANALYSIS = YES;
				CLANG_WARN_STRICT_PROTOTYPES = YES;
				CLANG_WARN_SUSPICIOUS_MOVE = YES;
				CLANG_WARN_UNGUARDED_AVAILABILITY = YES_AGGRESSIVE;
				CLANG_WARN_UNREACHABLE_CODE = YES;
				CLANG_WARN__DUPLICATE_METHOD_MATCH = YES;
				COPY_PHASE_STRIP = NO;
				DEBUG_INFORMATION_FORMAT = dwarf;
				ENABLE_STRICT_OBJC_MSGSEND = YES;
				ENABLE_TESTABILITY = YES;
				GCC_C_LANGUAGE_STANDARD = gnu11;
				GCC_DYNAMIC_NO_PIC = NO;
				GCC_NO_COMMON_BLOCKS = YES;
				GCC_OPTIMIZATION_LEVEL = 0;
				GCC_PREPROCESSOR_DEFINITIONS = (
					"DEBUG=1",
					"$(inherited)",
				);
				GCC_WARN_64_TO_32_BIT_CONVERSION = YES;
				GCC_WARN_ABOUT_RETURN_TYPE = YES_ERROR;
				GCC_WARN_UNDECLARED_SELECTOR = YES;
				GCC_WARN_UNINITIALIZED_AUTOS = YES_AGGRESSIVE;
				GCC_WARN_UNUSED_FUNCTION = YES;
				GCC_WARN_UNUSED_VARIABLE = YES;
				MACOSX_DEPLOYMENT_TARGET = 12.3;
				MTL_ENABLE_DEBUG_INFO = INCLUDE_SOURCE;
				MTL_FAST_MATH = YES;
				ONLY_ACTIVE_ARCH = YES;
				SDKROOT = macosx;
				SWIFT_ACTIVE_COMPILATION_CONDITIONS = DEBUG;
				SWIFT_OPTIMIZATION_LEVEL = "-Onone";
			};
			name = Debug;
		};
		F91A4E8528D530FC007999CE /* Release */ = {
			isa = XCBuildConfiguration;
			buildSettings = {
				ALWAYS_SEARCH_USER_PATHS = NO;
				CLANG_ANALYZER_NONNULL = YES;
				CLANG_ANALYZER_NUMBER_OBJECT_CONVERSION = YES_AGGRESSIVE;
				CLANG_CXX_LANGUAGE_STANDARD = "gnu++20";
				CLANG_ENABLE_MODULES = YES;
				CLANG_ENABLE_OBJC_ARC = YES;
				CLANG_ENABLE_OBJC_WEAK = YES;
				CLANG_WARN_BLOCK_CAPTURE_AUTORELEASING = YES;
				CLANG_WARN_BOOL_CONVERSION = YES;
				CLANG_WARN_COMMA = YES;
				CLANG_WARN_CONSTANT_CONVERSION = YES;
				CLANG_WARN_DEPRECATED_OBJC_IMPLEMENTATIONS = YES;
				CLANG_WARN_DIRECT_OBJC_ISA_USAGE = YES_ERROR;
				CLANG_WARN_DOCUMENTATION_COMMENTS = YES;
				CLANG_WARN_EMPTY_BODY = YES;
				CLANG_WARN_ENUM_CONVERSION = YES;
				CLANG_WARN_INFINITE_RECURSION = YES;
				CLANG_WARN_INT_CONVERSION = YES;
				CLANG_WARN_NON_LITERAL_NULL_CONVERSION = YES;
				CLANG_WARN_OBJC_IMPLICIT_RETAIN_SELF = YES;
				CLANG_WARN_OBJC_LITERAL_CONVERSION = YES;
				CLANG_WARN_OBJC_ROOT_CLASS = YES_ERROR;
				CLANG_WARN_QUOTED_INCLUDE_IN_FRAMEWORK_HEADER = YES;
				CLANG_WARN_RANGE_LOOP_ANALYSIS = YES;
				CLANG_WARN_STRICT_PROTOTYPES = YES;
				CLANG_WARN_SUSPICIOUS_MOVE = YES;
				CLANG_WARN_UNGUARDED_AVAILABILITY = YES_AGGRESSIVE;
				CLANG_WARN_UNREACHABLE_CODE = YES;
				CLANG_WARN__DUPLICATE_METHOD_MATCH = YES;
				COPY_PHASE_STRIP = NO;
				DEBUG_INFORMATION_FORMAT = "dwarf-with-dsym";
				ENABLE_NS_ASSERTIONS = NO;
				ENABLE_STRICT_OBJC_MSGSEND = YES;
				GCC_C_LANGUAGE_STANDARD = gnu11;
				GCC_NO_COMMON_BLOCKS = YES;
				GCC_WARN_64_TO_32_BIT_CONVERSION = YES;
				GCC_WARN_ABOUT_RETURN_TYPE = YES_ERROR;
				GCC_WARN_UNDECLARED_SELECTOR = YES;
				GCC_WARN_UNINITIALIZED_AUTOS = YES_AGGRESSIVE;
				GCC_WARN_UNUSED_FUNCTION = YES;
				GCC_WARN_UNUSED_VARIABLE = YES;
				MACOSX_DEPLOYMENT_TARGET = 12.3;
				MTL_ENABLE_DEBUG_INFO = NO;
				MTL_FAST_MATH = YES;
				SDKROOT = macosx;
				SWIFT_COMPILATION_MODE = wholemodule;
				SWIFT_OPTIMIZATION_LEVEL = "-O";
			};
			name = Release;
		};
		F91A4E8728D530FC007999CE /* Debug */ = {
			isa = XCBuildConfiguration;
			buildSettings = {
				CODE_SIGN_STYLE = Automatic;
				DEVELOPMENT_TEAM = CNHBSRK7K7;
				ENABLE_HARDENED_RUNTIME = YES;
				PRODUCT_NAME = "$(TARGET_NAME)";
				SWIFT_VERSION = 5.0;
			};
			name = Debug;
		};
		F91A4E8828D530FC007999CE /* Release */ = {
			isa = XCBuildConfiguration;
			buildSettings = {
				CODE_SIGN_STYLE = Automatic;
				DEVELOPMENT_TEAM = CNHBSRK7K7;
				ENABLE_HARDENED_RUNTIME = YES;
				PRODUCT_NAME = "$(TARGET_NAME)";
				SWIFT_VERSION = 5.0;
			};
			name = Release;
		};
/* End XCBuildConfiguration section */

/* Begin XCConfigurationList section */
		F91A4E7A28D530FC007999CE /* Build configuration list for PBXProject "2.조건문" */ = {
			isa = XCConfigurationList;
			buildConfigurations = (
				F91A4E8428D530FC007999CE /* Debug */,
				F91A4E8528D530FC007999CE /* Release */,
			);
			defaultConfigurationIsVisible = 0;
			defaultConfigurationName = Release;
		};
		F91A4E8628D530FC007999CE /* Build configuration list for PBXNativeTarget "2.조건문" */ = {
			isa = XCConfigurationList;
			buildConfigurations = (
				F91A4E8728D530FC007999CE /* Debug */,
				F91A4E8828D530FC007999CE /* Release */,
			);
			defaultConfigurationIsVisible = 0;
			defaultConfigurationName = Release;
		};
/* End XCConfigurationList section */
	};
	rootObject = F91A4E7728D530FC007999CE /* Project object */;
}
