// !$*UTF8*$!
{
	archiveVersion = 1;
	classes = {
	};
	objectVersion = 56;
	objects = {

/* Begin PBXBuildFile section */
		F91CBD9028DC5AF10079BCD5 /* main.swift in Sources */ = {isa = PBXBuildFile; fileRef = F91CBD8F28DC5AF10079BCD5 /* main.swift */; };
/* End PBXBuildFile section */

/* Begin PBXCopyFilesBuildPhase section */
		F91CBD8A28DC5AF10079BCD5 /* CopyFiles */ = {
			isa = PBXCopyFilesBuildPhase;
			buildActionMask = 2147483647;
			dstPath = /usr/share/man/man1/;
			dstSubfolderSpec = 0;
			files = (
			);
			runOnlyForDeploymentPostprocessing = 1;
		};
/* End PBXCopyFilesBuildPhase section */

/* Begin PBXFileReference section */
		F91CBD8C28DC5AF10079BCD5 /* 6.문자열 */ = {isa = PBXFileReference; explicitFileType = "compiled.mach-o.executable"; includeInIndex = 0; path = "6.문자열"; sourceTree = BUILT_PRODUCTS_DIR; };
		F91CBD8F28DC5AF10079BCD5 /* main.swift */ = {isa = PBXFileReference; lastKnownFileType = sourcecode.swift; path = main.swift; sourceTree = "<group>"; };
		F91CBD9628DC5B130079BCD5 /* 01.아스키 코드.swift */ = {isa = PBXFileReference; lastKnownFileType = sourcecode.swift; path = "01.아스키 코드.swift"; sourceTree = "<group>"; };
		F91CBD9728DC67A70079BCD5 /* 02.숫자의 합.swift */ = {isa = PBXFileReference; lastKnownFileType = sourcecode.swift; path = "02.숫자의 합.swift"; sourceTree = "<group>"; };
		F91CBD9828DC684F0079BCD5 /* 03.알파벳 찾기.swift */ = {isa = PBXFileReference; lastKnownFileType = sourcecode.swift; path = "03.알파벳 찾기.swift"; sourceTree = "<group>"; };
		F91CBD9928DC6B390079BCD5 /* 04.문자열 반복.swift */ = {isa = PBXFileReference; lastKnownFileType = sourcecode.swift; path = "04.문자열 반복.swift"; sourceTree = "<group>"; };
		F91CBD9A28DC6C6E0079BCD5 /* 05.단어 공부.swift */ = {isa = PBXFileReference; lastKnownFileType = sourcecode.swift; path = "05.단어 공부.swift"; sourceTree = "<group>"; };
		F91CBD9B28DC740F0079BCD5 /* 06.단어의 개수.swift */ = {isa = PBXFileReference; lastKnownFileType = sourcecode.swift; path = "06.단어의 개수.swift"; sourceTree = "<group>"; };
		F91CBD9C28DC74670079BCD5 /* 07.상수.swift */ = {isa = PBXFileReference; lastKnownFileType = sourcecode.swift; path = "07.상수.swift"; sourceTree = "<group>"; };
		F91CBD9D28DC75D00079BCD5 /* 08.다이얼.swift */ = {isa = PBXFileReference; lastKnownFileType = sourcecode.swift; path = "08.다이얼.swift"; sourceTree = "<group>"; };
		F9E66E8328E6E75400E90EBF /* 09.크로아티아 알파벳.swift */ = {isa = PBXFileReference; lastKnownFileType = sourcecode.swift; path = "09.크로아티아 알파벳.swift"; sourceTree = "<group>"; };
		F9E66E8428E6E76D00E90EBF /* 10.그룹 단어 체커.swift */ = {isa = PBXFileReference; lastKnownFileType = sourcecode.swift; path = "10.그룹 단어 체커.swift"; sourceTree = "<group>"; };
/* End PBXFileReference section */

/* Begin PBXFrameworksBuildPhase section */
		F91CBD8928DC5AF10079BCD5 /* Frameworks */ = {
			isa = PBXFrameworksBuildPhase;
			buildActionMask = 2147483647;
			files = (
			);
			runOnlyForDeploymentPostprocessing = 0;
		};
/* End PBXFrameworksBuildPhase section */

/* Begin PBXGroup section */
		F91CBD8328DC5AF10079BCD5 = {
			isa = PBXGroup;
			children = (
				F9E66E8428E6E76D00E90EBF /* 10.그룹 단어 체커.swift */,
				F9E66E8328E6E75400E90EBF /* 09.크로아티아 알파벳.swift */,
				F91CBD9D28DC75D00079BCD5 /* 08.다이얼.swift */,
				F91CBD9C28DC74670079BCD5 /* 07.상수.swift */,
				F91CBD9B28DC740F0079BCD5 /* 06.단어의 개수.swift */,
				F91CBD9A28DC6C6E0079BCD5 /* 05.단어 공부.swift */,
				F91CBD9928DC6B390079BCD5 /* 04.문자열 반복.swift */,
				F91CBD9828DC684F0079BCD5 /* 03.알파벳 찾기.swift */,
				F91CBD9728DC67A70079BCD5 /* 02.숫자의 합.swift */,
				F91CBD9628DC5B130079BCD5 /* 01.아스키 코드.swift */,
				F91CBD8E28DC5AF10079BCD5 /* 6.문자열 */,
				F91CBD8D28DC5AF10079BCD5 /* Products */,
			);
			sourceTree = "<group>";
		};
		F91CBD8D28DC5AF10079BCD5 /* Products */ = {
			isa = PBXGroup;
			children = (
				F91CBD8C28DC5AF10079BCD5 /* 6.문자열 */,
			);
			name = Products;
			sourceTree = "<group>";
		};
		F91CBD8E28DC5AF10079BCD5 /* 6.문자열 */ = {
			isa = PBXGroup;
			children = (
				F91CBD8F28DC5AF10079BCD5 /* main.swift */,
			);
			path = "6.문자열";
			sourceTree = "<group>";
		};
/* End PBXGroup section */

/* Begin PBXNativeTarget section */
		F91CBD8B28DC5AF10079BCD5 /* 6.문자열 */ = {
			isa = PBXNativeTarget;
			buildConfigurationList = F91CBD9328DC5AF10079BCD5 /* Build configuration list for PBXNativeTarget "6.문자열" */;
			buildPhases = (
				F91CBD8828DC5AF10079BCD5 /* Sources */,
				F91CBD8928DC5AF10079BCD5 /* Frameworks */,
				F91CBD8A28DC5AF10079BCD5 /* CopyFiles */,
			);
			buildRules = (
			);
			dependencies = (
			);
			name = "6.문자열";
			productName = "6.문자열";
			productReference = F91CBD8C28DC5AF10079BCD5 /* 6.문자열 */;
			productType = "com.apple.product-type.tool";
		};
/* End PBXNativeTarget section */

/* Begin PBXProject section */
		F91CBD8428DC5AF10079BCD5 /* Project object */ = {
			isa = PBXProject;
			attributes = {
				BuildIndependentTargetsInParallel = 1;
				LastSwiftUpdateCheck = 1400;
				LastUpgradeCheck = 1400;
				TargetAttributes = {
					F91CBD8B28DC5AF10079BCD5 = {
						CreatedOnToolsVersion = 14.0;
					};
				};
			};
			buildConfigurationList = F91CBD8728DC5AF10079BCD5 /* Build configuration list for PBXProject "6.문자열" */;
			compatibilityVersion = "Xcode 14.0";
			developmentRegion = en;
			hasScannedForEncodings = 0;
			knownRegions = (
				en,
				Base,
			);
			mainGroup = F91CBD8328DC5AF10079BCD5;
			productRefGroup = F91CBD8D28DC5AF10079BCD5 /* Products */;
			projectDirPath = "";
			projectRoot = "";
			targets = (
				F91CBD8B28DC5AF10079BCD5 /* 6.문자열 */,
			);
		};
/* End PBXProject section */

/* Begin PBXSourcesBuildPhase section */
		F91CBD8828DC5AF10079BCD5 /* Sources */ = {
			isa = PBXSourcesBuildPhase;
			buildActionMask = 2147483647;
			files = (
				F91CBD9028DC5AF10079BCD5 /* main.swift in Sources */,
			);
			runOnlyForDeploymentPostprocessing = 0;
		};
/* End PBXSourcesBuildPhase section */

/* Begin XCBuildConfiguration section */
		F91CBD9128DC5AF10079BCD5 /* Debug */ = {
			isa = XCBuildConfiguration;
			buildSettings = {
				ALWAYS_SEARCH_USER_PATHS = NO;
				CLANG_ANALYZER_NONNULL = YES;
				CLANG_ANALYZER_NUMBER_OBJECT_CONVERSION = YES_AGGRESSIVE;
				CLANG_CXX_LANGUAGE_STANDARD = "gnu++20";
				CLANG_ENABLE_MODULES = YES;
				CLANG_ENABLE_OBJC_ARC = YES;
				CLANG_ENABLE_OBJC_WEAK = YES;
				CLANG_WARN_BLOCK_CAPTURE_AUTORELEASING = YES;
				CLANG_WARN_BOOL_CONVERSION = YES;
				CLANG_WARN_COMMA = YES;
				CLANG_WARN_CONSTANT_CONVERSION = YES;
				CLANG_WARN_DEPRECATED_OBJC_IMPLEMENTATIONS = YES;
				CLANG_WARN_DIRECT_OBJC_ISA_USAGE = YES_ERROR;
				CLANG_WARN_DOCUMENTATION_COMMENTS = YES;
				CLANG_WARN_EMPTY_BODY = YES;
				CLANG_WARN_ENUM_CONVERSION = YES;
				CLANG_WARN_INFINITE_RECURSION = YES;
				CLANG_WARN_INT_CONVERSION = YES;
				CLANG_WARN_NON_LITERAL_NULL_CONVERSION = YES;
				CLANG_WARN_OBJC_IMPLICIT_RETAIN_SELF = YES;
				CLANG_WARN_OBJC_LITERAL_CONVERSION = YES;
				CLANG_WARN_OBJC_ROOT_CLASS = YES_ERROR;
				CLANG_WARN_QUOTED_INCLUDE_IN_FRAMEWORK_HEADER = YES;
				CLANG_WARN_RANGE_LOOP_ANALYSIS = YES;
				CLANG_WARN_STRICT_PROTOTYPES = YES;
				CLANG_WARN_SUSPICIOUS_MOVE = YES;
				CLANG_WARN_UNGUARDED_AVAILABILITY = YES_AGGRESSIVE;
				CLANG_WARN_UNREACHABLE_CODE = YES;
				CLANG_WARN__DUPLICATE_METHOD_MATCH = YES;
				COPY_PHASE_STRIP = NO;
				DEBUG_INFORMATION_FORMAT = dwarf;
				ENABLE_STRICT_OBJC_MSGSEND = YES;
				ENABLE_TESTABILITY = YES;
				GCC_C_LANGUAGE_STANDARD = gnu11;
				GCC_DYNAMIC_NO_PIC = NO;
				GCC_NO_COMMON_BLOCKS = YES;
				GCC_OPTIMIZATION_LEVEL = 0;
				GCC_PREPROCESSOR_DEFINITIONS = (
					"DEBUG=1",
					"$(inherited)",
				);
				GCC_WARN_64_TO_32_BIT_CONVERSION = YES;
				GCC_WARN_ABOUT_RETURN_TYPE = YES_ERROR;
				GCC_WARN_UNDECLARED_SELECTOR = YES;
				GCC_WARN_UNINITIALIZED_AUTOS = YES_AGGRESSIVE;
				GCC_WARN_UNUSED_FUNCTION = YES;
				GCC_WARN_UNUSED_VARIABLE = YES;
				MACOSX_DEPLOYMENT_TARGET = 12.3;
				MTL_ENABLE_DEBUG_INFO = INCLUDE_SOURCE;
				MTL_FAST_MATH = YES;
				ONLY_ACTIVE_ARCH = YES;
				SDKROOT = macosx;
				SWIFT_ACTIVE_COMPILATION_CONDITIONS = DEBUG;
				SWIFT_OPTIMIZATION_LEVEL = "-Onone";
			};
			name = Debug;
		};
		F91CBD9228DC5AF10079BCD5 /* Release */ = {
			isa = XCBuildConfiguration;
			buildSettings = {
				ALWAYS_SEARCH_USER_PATHS = NO;
				CLANG_ANALYZER_NONNULL = YES;
				CLANG_ANALYZER_NUMBER_OBJECT_CONVERSION = YES_AGGRESSIVE;
				CLANG_CXX_LANGUAGE_STANDARD = "gnu++20";
				CLANG_ENABLE_MODULES = YES;
				CLANG_ENABLE_OBJC_ARC = YES;
				CLANG_ENABLE_OBJC_WEAK = YES;
				CLANG_WARN_BLOCK_CAPTURE_AUTORELEASING = YES;
				CLANG_WARN_BOOL_CONVERSION = YES;
				CLANG_WARN_COMMA = YES;
				CLANG_WARN_CONSTANT_CONVERSION = YES;
				CLANG_WARN_DEPRECATED_OBJC_IMPLEMENTATIONS = YES;
				CLANG_WARN_DIRECT_OBJC_ISA_USAGE = YES_ERROR;
				CLANG_WARN_DOCUMENTATION_COMMENTS = YES;
				CLANG_WARN_EMPTY_BODY = YES;
				CLANG_WARN_ENUM_CONVERSION = YES;
				CLANG_WARN_INFINITE_RECURSION = YES;
				CLANG_WARN_INT_CONVERSION = YES;
				CLANG_WARN_NON_LITERAL_NULL_CONVERSION = YES;
				CLANG_WARN_OBJC_IMPLICIT_RETAIN_SELF = YES;
				CLANG_WARN_OBJC_LITERAL_CONVERSION = YES;
				CLANG_WARN_OBJC_ROOT_CLASS = YES_ERROR;
				CLANG_WARN_QUOTED_INCLUDE_IN_FRAMEWORK_HEADER = YES;
				CLANG_WARN_RANGE_LOOP_ANALYSIS = YES;
				CLANG_WARN_STRICT_PROTOTYPES = YES;
				CLANG_WARN_SUSPICIOUS_MOVE = YES;
				CLANG_WARN_UNGUARDED_AVAILABILITY = YES_AGGRESSIVE;
				CLANG_WARN_UNREACHABLE_CODE = YES;
				CLANG_WARN__DUPLICATE_METHOD_MATCH = YES;
				COPY_PHASE_STRIP = NO;
				DEBUG_INFORMATION_FORMAT = "dwarf-with-dsym";
				ENABLE_NS_ASSERTIONS = NO;
				ENABLE_STRICT_OBJC_MSGSEND = YES;
				GCC_C_LANGUAGE_STANDARD = gnu11;
				GCC_NO_COMMON_BLOCKS = YES;
				GCC_WARN_64_TO_32_BIT_CONVERSION = YES;
				GCC_WARN_ABOUT_RETURN_TYPE = YES_ERROR;
				GCC_WARN_UNDECLARED_SELECTOR = YES;
				GCC_WARN_UNINITIALIZED_AUTOS = YES_AGGRESSIVE;
				GCC_WARN_UNUSED_FUNCTION = YES;
				GCC_WARN_UNUSED_VARIABLE = YES;
				MACOSX_DEPLOYMENT_TARGET = 12.3;
				MTL_ENABLE_DEBUG_INFO = NO;
				MTL_FAST_MATH = YES;
				SDKROOT = macosx;
				SWIFT_COMPILATION_MODE = wholemodule;
				SWIFT_OPTIMIZATION_LEVEL = "-O";
			};
			name = Release;
		};
		F91CBD9428DC5AF10079BCD5 /* Debug */ = {
			isa = XCBuildConfiguration;
			buildSettings = {
				CODE_SIGN_STYLE = Automatic;
				DEVELOPMENT_TEAM = CNHBSRK7K7;
				ENABLE_HARDENED_RUNTIME = YES;
				PRODUCT_NAME = "$(TARGET_NAME)";
				SWIFT_VERSION = 5.0;
			};
			name = Debug;
		};
		F91CBD9528DC5AF10079BCD5 /* Release */ = {
			isa = XCBuildConfiguration;
			buildSettings = {
				CODE_SIGN_STYLE = Automatic;
				DEVELOPMENT_TEAM = CNHBSRK7K7;
				ENABLE_HARDENED_RUNTIME = YES;
				PRODUCT_NAME = "$(TARGET_NAME)";
				SWIFT_VERSION = 5.0;
			};
			name = Release;
		};
/* End XCBuildConfiguration section */

/* Begin XCConfigurationList section */
		F91CBD8728DC5AF10079BCD5 /* Build configuration list for PBXProject "6.문자열" */ = {
			isa = XCConfigurationList;
			buildConfigurations = (
				F91CBD9128DC5AF10079BCD5 /* Debug */,
				F91CBD9228DC5AF10079BCD5 /* Release */,
			);
			defaultConfigurationIsVisible = 0;
			defaultConfigurationName = Release;
		};
		F91CBD9328DC5AF10079BCD5 /* Build configuration list for PBXNativeTarget "6.문자열" */ = {
			isa = XCConfigurationList;
			buildConfigurations = (
				F91CBD9428DC5AF10079BCD5 /* Debug */,
				F91CBD9528DC5AF10079BCD5 /* Release */,
			);
			defaultConfigurationIsVisible = 0;
			defaultConfigurationName = Release;
		};
/* End XCConfigurationList section */
	};
	rootObject = F91CBD8428DC5AF10079BCD5 /* Project object */;
}
