// !$*UTF8*$!
{
	archiveVersion = 1;
	classes = {
	};
	objectVersion = 56;
	objects = {

/* Begin PBXBuildFile section */
		F9FFD9E228D13D1F00CE9FB2 /* main.swift in Sources */ = {isa = PBXBuildFile; fileRef = F9D002C328D13068006E7748 /* main.swift */; };
/* End PBXBuildFile section */

/* Begin PBXCopyFilesBuildPhase section */
		F9D002BE28D13068006E7748 /* CopyFiles */ = {
			isa = PBXCopyFilesBuildPhase;
			buildActionMask = 2147483647;
			dstPath = /usr/share/man/man1/;
			dstSubfolderSpec = 0;
			files = (
			);
			runOnlyForDeploymentPostprocessing = 1;
		};
/* End PBXCopyFilesBuildPhase section */

/* Begin PBXFileReference section */
		F967B70728D26B9B0015CDCF /* 3.A+B.swift */ = {isa = PBXFileReference; lastKnownFileType = sourcecode.swift; path = "3.A+B.swift"; sourceTree = "<group>"; };
		F967B70828D26C970015CDCF /* 4.A-B.swift */ = {isa = PBXFileReference; lastKnownFileType = sourcecode.swift; path = "4.A-B.swift"; sourceTree = "<group>"; };
		F967B70928D26CDE0015CDCF /* 5.A*B.swift */ = {isa = PBXFileReference; lastKnownFileType = sourcecode.swift; path = "5.A*B.swift"; sourceTree = "<group>"; };
		F967B70A28D26F660015CDCF /* 6.A:B.swift */ = {isa = PBXFileReference; lastKnownFileType = sourcecode.swift; path = "6.A:B.swift"; sourceTree = "<group>"; };
		F982B5E328D3E77C00EF2009 /* 7.사칙연산.swift */ = {isa = PBXFileReference; lastKnownFileType = sourcecode.swift; path = "7.사칙연산.swift"; sourceTree = "<group>"; };
		F982B5E428D3E80200EF2009 /* 8.??!.swift */ = {isa = PBXFileReference; lastKnownFileType = sourcecode.swift; path = "8.??!.swift"; sourceTree = "<group>"; };
		F982B5E528D3E84100EF2009 /* 9.1998년생인 내가 태국에서는 2541년생?!.swift */ = {isa = PBXFileReference; lastKnownFileType = sourcecode.swift; path = "9.1998년생인 내가 태국에서는 2541년생?!.swift"; sourceTree = "<group>"; };
		F982B5E628D3E8C500EF2009 /* 10.킹, 퀸, 룩, 비숍, 나이트, 폰.swift */ = {isa = PBXFileReference; lastKnownFileType = sourcecode.swift; path = "10.킹, 퀸, 룩, 비숍, 나이트, 폰.swift"; sourceTree = "<group>"; };
		F982B5E728D3EA8400EF2009 /* 11.나머지.swift */ = {isa = PBXFileReference; lastKnownFileType = sourcecode.swift; path = "11.나머지.swift"; sourceTree = "<group>"; };
		F982B5E828D3EC4700EF2009 /* 12.곱셈.swift */ = {isa = PBXFileReference; lastKnownFileType = sourcecode.swift; path = "12.곱셈.swift"; sourceTree = "<group>"; };
		F982B5E928D3ED5200EF2009 /* 13.고양이.swift */ = {isa = PBXFileReference; lastKnownFileType = sourcecode.swift; path = "13.고양이.swift"; sourceTree = "<group>"; };
		F982B5EA28D3EDE500EF2009 /* 14.개.swift */ = {isa = PBXFileReference; lastKnownFileType = sourcecode.swift; path = "14.개.swift"; sourceTree = "<group>"; };
		F982B5EB28D3EE9500EF2009 /* 15.새싹.swift */ = {isa = PBXFileReference; lastKnownFileType = sourcecode.swift; path = "15.새싹.swift"; sourceTree = "<group>"; };
		F9D002C028D13068006E7748 /* 1.입출력과 사칙연산 */ = {isa = PBXFileReference; explicitFileType = "compiled.mach-o.executable"; includeInIndex = 0; path = "1.입출력과 사칙연산"; sourceTree = BUILT_PRODUCTS_DIR; };
		F9D002C328D13068006E7748 /* main.swift */ = {isa = PBXFileReference; lastKnownFileType = sourcecode.swift; path = main.swift; sourceTree = "<group>"; };
		F9D002CD28D1365B006E7748 /* 1.Hello World.swift */ = {isa = PBXFileReference; lastKnownFileType = sourcecode.swift; path = "1.Hello World.swift"; sourceTree = "<group>"; };
		F9D002CF28D136FA006E7748 /* 2.We love kriii.swift */ = {isa = PBXFileReference; lastKnownFileType = sourcecode.swift; path = "2.We love kriii.swift"; sourceTree = "<group>"; };
/* End PBXFileReference section */

/* Begin PBXFrameworksBuildPhase section */
		F9D002BD28D13068006E7748 /* Frameworks */ = {
			isa = PBXFrameworksBuildPhase;
			buildActionMask = 2147483647;
			files = (
			);
			runOnlyForDeploymentPostprocessing = 0;
		};
/* End PBXFrameworksBuildPhase section */

/* Begin PBXGroup section */
		F9D002B728D13068006E7748 = {
			isa = PBXGroup;
			children = (
				F982B5EB28D3EE9500EF2009 /* 15.새싹.swift */,
				F982B5EA28D3EDE500EF2009 /* 14.개.swift */,
				F982B5E928D3ED5200EF2009 /* 13.고양이.swift */,
				F982B5E828D3EC4700EF2009 /* 12.곱셈.swift */,
				F982B5E728D3EA8400EF2009 /* 11.나머지.swift */,
				F982B5E628D3E8C500EF2009 /* 10.킹, 퀸, 룩, 비숍, 나이트, 폰.swift */,
				F982B5E528D3E84100EF2009 /* 9.1998년생인 내가 태국에서는 2541년생?!.swift */,
				F982B5E428D3E80200EF2009 /* 8.??!.swift */,
				F982B5E328D3E77C00EF2009 /* 7.사칙연산.swift */,
				F967B70A28D26F660015CDCF /* 6.A:B.swift */,
				F967B70928D26CDE0015CDCF /* 5.A*B.swift */,
				F967B70828D26C970015CDCF /* 4.A-B.swift */,
				F967B70728D26B9B0015CDCF /* 3.A+B.swift */,
				F9D002CF28D136FA006E7748 /* 2.We love kriii.swift */,
				F9D002CD28D1365B006E7748 /* 1.Hello World.swift */,
				F9D002C228D13068006E7748 /* 1.입출력과 사칙연산 */,
				F9D002C128D13068006E7748 /* Products */,
			);
			sourceTree = "<group>";
		};
		F9D002C128D13068006E7748 /* Products */ = {
			isa = PBXGroup;
			children = (
				F9D002C028D13068006E7748 /* 1.입출력과 사칙연산 */,
			);
			name = Products;
			sourceTree = "<group>";
		};
		F9D002C228D13068006E7748 /* 1.입출력과 사칙연산 */ = {
			isa = PBXGroup;
			children = (
				F9D002C328D13068006E7748 /* main.swift */,
			);
			path = "1.입출력과 사칙연산";
			sourceTree = "<group>";
		};
/* End PBXGroup section */

/* Begin PBXNativeTarget section */
		F9D002BF28D13068006E7748 /* 1.입출력과 사칙연산 */ = {
			isa = PBXNativeTarget;
			buildConfigurationList = F9D002C728D13068006E7748 /* Build configuration list for PBXNativeTarget "1.입출력과 사칙연산" */;
			buildPhases = (
				F9D002BC28D13068006E7748 /* Sources */,
				F9D002BD28D13068006E7748 /* Frameworks */,
				F9D002BE28D13068006E7748 /* CopyFiles */,
			);
			buildRules = (
			);
			dependencies = (
			);
			name = "1.입출력과 사칙연산";
			productName = "1.입출력과 사칙연산";
			productReference = F9D002C028D13068006E7748 /* 1.입출력과 사칙연산 */;
			productType = "com.apple.product-type.tool";
		};
/* End PBXNativeTarget section */

/* Begin PBXProject section */
		F9D002B828D13068006E7748 /* Project object */ = {
			isa = PBXProject;
			attributes = {
				BuildIndependentTargetsInParallel = 1;
				LastSwiftUpdateCheck = 1400;
				LastUpgradeCheck = 1400;
				TargetAttributes = {
					F9D002BF28D13068006E7748 = {
						CreatedOnToolsVersion = 14.0;
					};
				};
			};
			buildConfigurationList = F9D002BB28D13068006E7748 /* Build configuration list for PBXProject "1.입출력과 사칙연산" */;
			compatibilityVersion = "Xcode 14.0";
			developmentRegion = en;
			hasScannedForEncodings = 0;
			knownRegions = (
				en,
				Base,
			);
			mainGroup = F9D002B728D13068006E7748;
			productRefGroup = F9D002C128D13068006E7748 /* Products */;
			projectDirPath = "";
			projectRoot = "";
			targets = (
				F9D002BF28D13068006E7748 /* 1.입출력과 사칙연산 */,
			);
		};
/* End PBXProject section */

/* Begin PBXSourcesBuildPhase section */
		F9D002BC28D13068006E7748 /* Sources */ = {
			isa = PBXSourcesBuildPhase;
			buildActionMask = 2147483647;
			files = (
				F9FFD9E228D13D1F00CE9FB2 /* main.swift in Sources */,
			);
			runOnlyForDeploymentPostprocessing = 0;
		};
/* End PBXSourcesBuildPhase section */

/* Begin XCBuildConfiguration section */
		F9D002C528D13068006E7748 /* Debug */ = {
			isa = XCBuildConfiguration;
			buildSettings = {
				ALWAYS_SEARCH_USER_PATHS = NO;
				CLANG_ANALYZER_NONNULL = YES;
				CLANG_ANALYZER_NUMBER_OBJECT_CONVERSION = YES_AGGRESSIVE;
				CLANG_CXX_LANGUAGE_STANDARD = "gnu++20";
				CLANG_ENABLE_MODULES = YES;
				CLANG_ENABLE_OBJC_ARC = YES;
				CLANG_ENABLE_OBJC_WEAK = YES;
				CLANG_WARN_BLOCK_CAPTURE_AUTORELEASING = YES;
				CLANG_WARN_BOOL_CONVERSION = YES;
				CLANG_WARN_COMMA = YES;
				CLANG_WARN_CONSTANT_CONVERSION = YES;
				CLANG_WARN_DEPRECATED_OBJC_IMPLEMENTATIONS = YES;
				CLANG_WARN_DIRECT_OBJC_ISA_USAGE = YES_ERROR;
				CLANG_WARN_DOCUMENTATION_COMMENTS = YES;
				CLANG_WARN_EMPTY_BODY = YES;
				CLANG_WARN_ENUM_CONVERSION = YES;
				CLANG_WARN_INFINITE_RECURSION = YES;
				CLANG_WARN_INT_CONVERSION = YES;
				CLANG_WARN_NON_LITERAL_NULL_CONVERSION = YES;
				CLANG_WARN_OBJC_IMPLICIT_RETAIN_SELF = YES;
				CLANG_WARN_OBJC_LITERAL_CONVERSION = YES;
				CLANG_WARN_OBJC_ROOT_CLASS = YES_ERROR;
				CLANG_WARN_QUOTED_INCLUDE_IN_FRAMEWORK_HEADER = YES;
				CLANG_WARN_RANGE_LOOP_ANALYSIS = YES;
				CLANG_WARN_STRICT_PROTOTYPES = YES;
				CLANG_WARN_SUSPICIOUS_MOVE = YES;
				CLANG_WARN_UNGUARDED_AVAILABILITY = YES_AGGRESSIVE;
				CLANG_WARN_UNREACHABLE_CODE = YES;
				CLANG_WARN__DUPLICATE_METHOD_MATCH = YES;
				COPY_PHASE_STRIP = NO;
				DEBUG_INFORMATION_FORMAT = dwarf;
				ENABLE_STRICT_OBJC_MSGSEND = YES;
				ENABLE_TESTABILITY = YES;
				GCC_C_LANGUAGE_STANDARD = gnu11;
				GCC_DYNAMIC_NO_PIC = NO;
				GCC_NO_COMMON_BLOCKS = YES;
				GCC_OPTIMIZATION_LEVEL = 0;
				GCC_PREPROCESSOR_DEFINITIONS = (
					"DEBUG=1",
					"$(inherited)",
				);
				GCC_WARN_64_TO_32_BIT_CONVERSION = YES;
				GCC_WARN_ABOUT_RETURN_TYPE = YES_ERROR;
				GCC_WARN_UNDECLARED_SELECTOR = YES;
				GCC_WARN_UNINITIALIZED_AUTOS = YES_AGGRESSIVE;
				GCC_WARN_UNUSED_FUNCTION = YES;
				GCC_WARN_UNUSED_VARIABLE = YES;
				MACOSX_DEPLOYMENT_TARGET = 12.3;
				MTL_ENABLE_DEBUG_INFO = INCLUDE_SOURCE;
				MTL_FAST_MATH = YES;
				ONLY_ACTIVE_ARCH = YES;
				SDKROOT = macosx;
				SWIFT_ACTIVE_COMPILATION_CONDITIONS = DEBUG;
				SWIFT_OPTIMIZATION_LEVEL = "-Onone";
			};
			name = Debug;
		};
		F9D002C628D13068006E7748 /* Release */ = {
			isa = XCBuildConfiguration;
			buildSettings = {
				ALWAYS_SEARCH_USER_PATHS = NO;
				CLANG_ANALYZER_NONNULL = YES;
				CLANG_ANALYZER_NUMBER_OBJECT_CONVERSION = YES_AGGRESSIVE;
				CLANG_CXX_LANGUAGE_STANDARD = "gnu++20";
				CLANG_ENABLE_MODULES = YES;
				CLANG_ENABLE_OBJC_ARC = YES;
				CLANG_ENABLE_OBJC_WEAK = YES;
				CLANG_WARN_BLOCK_CAPTURE_AUTORELEASING = YES;
				CLANG_WARN_BOOL_CONVERSION = YES;
				CLANG_WARN_COMMA = YES;
				CLANG_WARN_CONSTANT_CONVERSION = YES;
				CLANG_WARN_DEPRECATED_OBJC_IMPLEMENTATIONS = YES;
				CLANG_WARN_DIRECT_OBJC_ISA_USAGE = YES_ERROR;
				CLANG_WARN_DOCUMENTATION_COMMENTS = YES;
				CLANG_WARN_EMPTY_BODY = YES;
				CLANG_WARN_ENUM_CONVERSION = YES;
				CLANG_WARN_INFINITE_RECURSION = YES;
				CLANG_WARN_INT_CONVERSION = YES;
				CLANG_WARN_NON_LITERAL_NULL_CONVERSION = YES;
				CLANG_WARN_OBJC_IMPLICIT_RETAIN_SELF = YES;
				CLANG_WARN_OBJC_LITERAL_CONVERSION = YES;
				CLANG_WARN_OBJC_ROOT_CLASS = YES_ERROR;
				CLANG_WARN_QUOTED_INCLUDE_IN_FRAMEWORK_HEADER = YES;
				CLANG_WARN_RANGE_LOOP_ANALYSIS = YES;
				CLANG_WARN_STRICT_PROTOTYPES = YES;
				CLANG_WARN_SUSPICIOUS_MOVE = YES;
				CLANG_WARN_UNGUARDED_AVAILABILITY = YES_AGGRESSIVE;
				CLANG_WARN_UNREACHABLE_CODE = YES;
				CLANG_WARN__DUPLICATE_METHOD_MATCH = YES;
				COPY_PHASE_STRIP = NO;
				DEBUG_INFORMATION_FORMAT = "dwarf-with-dsym";
				ENABLE_NS_ASSERTIONS = NO;
				ENABLE_STRICT_OBJC_MSGSEND = YES;
				GCC_C_LANGUAGE_STANDARD = gnu11;
				GCC_NO_COMMON_BLOCKS = YES;
				GCC_WARN_64_TO_32_BIT_CONVERSION = YES;
				GCC_WARN_ABOUT_RETURN_TYPE = YES_ERROR;
				GCC_WARN_UNDECLARED_SELECTOR = YES;
				GCC_WARN_UNINITIALIZED_AUTOS = YES_AGGRESSIVE;
				GCC_WARN_UNUSED_FUNCTION = YES;
				GCC_WARN_UNUSED_VARIABLE = YES;
				MACOSX_DEPLOYMENT_TARGET = 12.3;
				MTL_ENABLE_DEBUG_INFO = NO;
				MTL_FAST_MATH = YES;
				SDKROOT = macosx;
				SWIFT_COMPILATION_MODE = wholemodule;
				SWIFT_OPTIMIZATION_LEVEL = "-O";
			};
			name = Release;
		};
		F9D002C828D13068006E7748 /* Debug */ = {
			isa = XCBuildConfiguration;
			buildSettings = {
				CODE_SIGN_STYLE = Automatic;
				DEVELOPMENT_TEAM = CNHBSRK7K7;
				ENABLE_HARDENED_RUNTIME = YES;
				PRODUCT_NAME = "$(TARGET_NAME)";
				SWIFT_VERSION = 5.0;
			};
			name = Debug;
		};
		F9D002C928D13068006E7748 /* Release */ = {
			isa = XCBuildConfiguration;
			buildSettings = {
				CODE_SIGN_STYLE = Automatic;
				DEVELOPMENT_TEAM = CNHBSRK7K7;
				ENABLE_HARDENED_RUNTIME = YES;
				PRODUCT_NAME = "$(TARGET_NAME)";
				SWIFT_VERSION = 5.0;
			};
			name = Release;
		};
/* End XCBuildConfiguration section */

/* Begin XCConfigurationList section */
		F9D002BB28D13068006E7748 /* Build configuration list for PBXProject "1.입출력과 사칙연산" */ = {
			isa = XCConfigurationList;
			buildConfigurations = (
				F9D002C528D13068006E7748 /* Debug */,
				F9D002C628D13068006E7748 /* Release */,
			);
			defaultConfigurationIsVisible = 0;
			defaultConfigurationName = Release;
		};
		F9D002C728D13068006E7748 /* Build configuration list for PBXNativeTarget "1.입출력과 사칙연산" */ = {
			isa = XCConfigurationList;
			buildConfigurations = (
				F9D002C828D13068006E7748 /* Debug */,
				F9D002C928D13068006E7748 /* Release */,
			);
			defaultConfigurationIsVisible = 0;
			defaultConfigurationName = Release;
		};
/* End XCConfigurationList section */
	};
	rootObject = F9D002B828D13068006E7748 /* Project object */;
}
