// !$*UTF8*$!
{
	archiveVersion = 1;
	classes = {
	};
	objectVersion = 56;
	objects = {

/* Begin PBXBuildFile section */
		F96DA87F28D6F1BE00A76083 /* main.swift in Sources */ = {isa = PBXBuildFile; fileRef = F96DA87E28D6F1BE00A76083 /* main.swift */; };
/* End PBXBuildFile section */

/* Begin PBXCopyFilesBuildPhase section */
		F96DA87928D6F1BE00A76083 /* CopyFiles */ = {
			isa = PBXCopyFilesBuildPhase;
			buildActionMask = 2147483647;
			dstPath = /usr/share/man/man1/;
			dstSubfolderSpec = 0;
			files = (
			);
			runOnlyForDeploymentPostprocessing = 1;
		};
/* End PBXCopyFilesBuildPhase section */

/* Begin PBXFileReference section */
		F9123DA828D7710300529DEC /* 06.A+B - 7.swift */ = {isa = PBXFileReference; lastKnownFileType = sourcecode.swift; path = "06.A+B - 7.swift"; sourceTree = "<group>"; };
		F9123DA928D7718200529DEC /* 07.A+B - 8.swift */ = {isa = PBXFileReference; lastKnownFileType = sourcecode.swift; path = "07.A+B - 8.swift"; sourceTree = "<group>"; };
		F9123DAA28D771DE00529DEC /* 08.별 찍기 - 1 .swift */ = {isa = PBXFileReference; lastKnownFileType = sourcecode.swift; path = "08.별 찍기 - 1 .swift"; sourceTree = "<group>"; };
		F9123DAB28D7742C00529DEC /* 09.별 찍기 - 2.swift */ = {isa = PBXFileReference; lastKnownFileType = sourcecode.swift; path = "09.별 찍기 - 2.swift"; sourceTree = "<group>"; };
		F9123DAC28D775DF00529DEC /* 10.X보다 작은 수.swift */ = {isa = PBXFileReference; lastKnownFileType = sourcecode.swift; path = "10.X보다 작은 수.swift"; sourceTree = "<group>"; };
		F9123DAD28D777E400529DEC /* 11.A+B - 5.swift */ = {isa = PBXFileReference; lastKnownFileType = sourcecode.swift; path = "11.A+B - 5.swift"; sourceTree = "<group>"; };
		F9123DAE28D778D800529DEC /* 12.A+B - 4.swift */ = {isa = PBXFileReference; lastKnownFileType = sourcecode.swift; path = "12.A+B - 4.swift"; sourceTree = "<group>"; };
		F9123DAF28D77F4800529DEC /* 13.더하기 사이클.swift */ = {isa = PBXFileReference; lastKnownFileType = sourcecode.swift; path = "13.더하기 사이클.swift"; sourceTree = "<group>"; };
		F96DA87B28D6F1BE00A76083 /* 3.반복문 */ = {isa = PBXFileReference; explicitFileType = "compiled.mach-o.executable"; includeInIndex = 0; path = "3.반복문"; sourceTree = BUILT_PRODUCTS_DIR; };
		F96DA87E28D6F1BE00A76083 /* main.swift */ = {isa = PBXFileReference; lastKnownFileType = sourcecode.swift; path = main.swift; sourceTree = "<group>"; };
		F96DA88528D6F29800A76083 /* 01.구구단.swift */ = {isa = PBXFileReference; lastKnownFileType = sourcecode.swift; path = "01.구구단.swift"; sourceTree = "<group>"; };
		F96DA88628D6F2C500A76083 /* 02.A+B-3.swift */ = {isa = PBXFileReference; lastKnownFileType = sourcecode.swift; path = "02.A+B-3.swift"; sourceTree = "<group>"; };
		F96DA88728D6F5CB00A76083 /* 03.합.swift */ = {isa = PBXFileReference; lastKnownFileType = sourcecode.swift; path = "03.합.swift"; sourceTree = "<group>"; };
		F96DA88828D6F64200A76083 /* 04.영수증.swift */ = {isa = PBXFileReference; lastKnownFileType = sourcecode.swift; path = "04.영수증.swift"; sourceTree = "<group>"; };
		F96DA88928D6F84A00A76083 /* 05.빠른 A+B.swift */ = {isa = PBXFileReference; lastKnownFileType = sourcecode.swift; path = "05.빠른 A+B.swift"; sourceTree = "<group>"; };
/* End PBXFileReference section */

/* Begin PBXFrameworksBuildPhase section */
		F96DA87828D6F1BE00A76083 /* Frameworks */ = {
			isa = PBXFrameworksBuildPhase;
			buildActionMask = 2147483647;
			files = (
			);
			runOnlyForDeploymentPostprocessing = 0;
		};
/* End PBXFrameworksBuildPhase section */

/* Begin PBXGroup section */
		F96DA87228D6F1BE00A76083 = {
			isa = PBXGroup;
			children = (
				F9123DAF28D77F4800529DEC /* 13.더하기 사이클.swift */,
				F9123DAE28D778D800529DEC /* 12.A+B - 4.swift */,
				F9123DAD28D777E400529DEC /* 11.A+B - 5.swift */,
				F9123DAC28D775DF00529DEC /* 10.X보다 작은 수.swift */,
				F9123DAB28D7742C00529DEC /* 09.별 찍기 - 2.swift */,
				F9123DAA28D771DE00529DEC /* 08.별 찍기 - 1 .swift */,
				F9123DA928D7718200529DEC /* 07.A+B - 8.swift */,
				F9123DA828D7710300529DEC /* 06.A+B - 7.swift */,
				F96DA88928D6F84A00A76083 /* 05.빠른 A+B.swift */,
				F96DA88828D6F64200A76083 /* 04.영수증.swift */,
				F96DA88728D6F5CB00A76083 /* 03.합.swift */,
				F96DA88628D6F2C500A76083 /* 02.A+B-3.swift */,
				F96DA88528D6F29800A76083 /* 01.구구단.swift */,
				F96DA87D28D6F1BE00A76083 /* 3.반복문 */,
				F96DA87C28D6F1BE00A76083 /* Products */,
			);
			sourceTree = "<group>";
		};
		F96DA87C28D6F1BE00A76083 /* Products */ = {
			isa = PBXGroup;
			children = (
				F96DA87B28D6F1BE00A76083 /* 3.반복문 */,
			);
			name = Products;
			sourceTree = "<group>";
		};
		F96DA87D28D6F1BE00A76083 /* 3.반복문 */ = {
			isa = PBXGroup;
			children = (
				F96DA87E28D6F1BE00A76083 /* main.swift */,
			);
			path = "3.반복문";
			sourceTree = "<group>";
		};
/* End PBXGroup section */

/* Begin PBXNativeTarget section */
		F96DA87A28D6F1BE00A76083 /* 3.반복문 */ = {
			isa = PBXNativeTarget;
			buildConfigurationList = F96DA88228D6F1BE00A76083 /* Build configuration list for PBXNativeTarget "3.반복문" */;
			buildPhases = (
				F96DA87728D6F1BE00A76083 /* Sources */,
				F96DA87828D6F1BE00A76083 /* Frameworks */,
				F96DA87928D6F1BE00A76083 /* CopyFiles */,
			);
			buildRules = (
			);
			dependencies = (
			);
			name = "3.반복문";
			productName = "3.반복문";
			productReference = F96DA87B28D6F1BE00A76083 /* 3.반복문 */;
			productType = "com.apple.product-type.tool";
		};
/* End PBXNativeTarget section */

/* Begin PBXProject section */
		F96DA87328D6F1BE00A76083 /* Project object */ = {
			isa = PBXProject;
			attributes = {
				BuildIndependentTargetsInParallel = 1;
				LastSwiftUpdateCheck = 1400;
				LastUpgradeCheck = 1400;
				TargetAttributes = {
					F96DA87A28D6F1BE00A76083 = {
						CreatedOnToolsVersion = 14.0;
					};
				};
			};
			buildConfigurationList = F96DA87628D6F1BE00A76083 /* Build configuration list for PBXProject "3.반복문" */;
			compatibilityVersion = "Xcode 14.0";
			developmentRegion = en;
			hasScannedForEncodings = 0;
			knownRegions = (
				en,
				Base,
			);
			mainGroup = F96DA87228D6F1BE00A76083;
			productRefGroup = F96DA87C28D6F1BE00A76083 /* Products */;
			projectDirPath = "";
			projectRoot = "";
			targets = (
				F96DA87A28D6F1BE00A76083 /* 3.반복문 */,
			);
		};
/* End PBXProject section */

/* Begin PBXSourcesBuildPhase section */
		F96DA87728D6F1BE00A76083 /* Sources */ = {
			isa = PBXSourcesBuildPhase;
			buildActionMask = 2147483647;
			files = (
				F96DA87F28D6F1BE00A76083 /* main.swift in Sources */,
			);
			runOnlyForDeploymentPostprocessing = 0;
		};
/* End PBXSourcesBuildPhase section */

/* Begin XCBuildConfiguration section */
		F96DA88028D6F1BE00A76083 /* Debug */ = {
			isa = XCBuildConfiguration;
			buildSettings = {
				ALWAYS_SEARCH_USER_PATHS = NO;
				CLANG_ANALYZER_NONNULL = YES;
				CLANG_ANALYZER_NUMBER_OBJECT_CONVERSION = YES_AGGRESSIVE;
				CLANG_CXX_LANGUAGE_STANDARD = "gnu++20";
				CLANG_ENABLE_MODULES = YES;
				CLANG_ENABLE_OBJC_ARC = YES;
				CLANG_ENABLE_OBJC_WEAK = YES;
				CLANG_WARN_BLOCK_CAPTURE_AUTORELEASING = YES;
				CLANG_WARN_BOOL_CONVERSION = YES;
				CLANG_WARN_COMMA = YES;
				CLANG_WARN_CONSTANT_CONVERSION = YES;
				CLANG_WARN_DEPRECATED_OBJC_IMPLEMENTATIONS = YES;
				CLANG_WARN_DIRECT_OBJC_ISA_USAGE = YES_ERROR;
				CLANG_WARN_DOCUMENTATION_COMMENTS = YES;
				CLANG_WARN_EMPTY_BODY = YES;
				CLANG_WARN_ENUM_CONVERSION = YES;
				CLANG_WARN_INFINITE_RECURSION = YES;
				CLANG_WARN_INT_CONVERSION = YES;
				CLANG_WARN_NON_LITERAL_NULL_CONVERSION = YES;
				CLANG_WARN_OBJC_IMPLICIT_RETAIN_SELF = YES;
				CLANG_WARN_OBJC_LITERAL_CONVERSION = YES;
				CLANG_WARN_OBJC_ROOT_CLASS = YES_ERROR;
				CLANG_WARN_QUOTED_INCLUDE_IN_FRAMEWORK_HEADER = YES;
				CLANG_WARN_RANGE_LOOP_ANALYSIS = YES;
				CLANG_WARN_STRICT_PROTOTYPES = YES;
				CLANG_WARN_SUSPICIOUS_MOVE = YES;
				CLANG_WARN_UNGUARDED_AVAILABILITY = YES_AGGRESSIVE;
				CLANG_WARN_UNREACHABLE_CODE = YES;
				CLANG_WARN__DUPLICATE_METHOD_MATCH = YES;
				COPY_PHASE_STRIP = NO;
				DEBUG_INFORMATION_FORMAT = dwarf;
				ENABLE_STRICT_OBJC_MSGSEND = YES;
				ENABLE_TESTABILITY = YES;
				GCC_C_LANGUAGE_STANDARD = gnu11;
				GCC_DYNAMIC_NO_PIC = NO;
				GCC_NO_COMMON_BLOCKS = YES;
				GCC_OPTIMIZATION_LEVEL = 0;
				GCC_PREPROCESSOR_DEFINITIONS = (
					"DEBUG=1",
					"$(inherited)",
				);
				GCC_WARN_64_TO_32_BIT_CONVERSION = YES;
				GCC_WARN_ABOUT_RETURN_TYPE = YES_ERROR;
				GCC_WARN_UNDECLARED_SELECTOR = YES;
				GCC_WARN_UNINITIALIZED_AUTOS = YES_AGGRESSIVE;
				GCC_WARN_UNUSED_FUNCTION = YES;
				GCC_WARN_UNUSED_VARIABLE = YES;
				MACOSX_DEPLOYMENT_TARGET = 12.3;
				MTL_ENABLE_DEBUG_INFO = INCLUDE_SOURCE;
				MTL_FAST_MATH = YES;
				ONLY_ACTIVE_ARCH = YES;
				SDKROOT = macosx;
				SWIFT_ACTIVE_COMPILATION_CONDITIONS = DEBUG;
				SWIFT_OPTIMIZATION_LEVEL = "-Onone";
			};
			name = Debug;
		};
		F96DA88128D6F1BE00A76083 /* Release */ = {
			isa = XCBuildConfiguration;
			buildSettings = {
				ALWAYS_SEARCH_USER_PATHS = NO;
				CLANG_ANALYZER_NONNULL = YES;
				CLANG_ANALYZER_NUMBER_OBJECT_CONVERSION = YES_AGGRESSIVE;
				CLANG_CXX_LANGUAGE_STANDARD = "gnu++20";
				CLANG_ENABLE_MODULES = YES;
				CLANG_ENABLE_OBJC_ARC = YES;
				CLANG_ENABLE_OBJC_WEAK = YES;
				CLANG_WARN_BLOCK_CAPTURE_AUTORELEASING = YES;
				CLANG_WARN_BOOL_CONVERSION = YES;
				CLANG_WARN_COMMA = YES;
				CLANG_WARN_CONSTANT_CONVERSION = YES;
				CLANG_WARN_DEPRECATED_OBJC_IMPLEMENTATIONS = YES;
				CLANG_WARN_DIRECT_OBJC_ISA_USAGE = YES_ERROR;
				CLANG_WARN_DOCUMENTATION_COMMENTS = YES;
				CLANG_WARN_EMPTY_BODY = YES;
				CLANG_WARN_ENUM_CONVERSION = YES;
				CLANG_WARN_INFINITE_RECURSION = YES;
				CLANG_WARN_INT_CONVERSION = YES;
				CLANG_WARN_NON_LITERAL_NULL_CONVERSION = YES;
				CLANG_WARN_OBJC_IMPLICIT_RETAIN_SELF = YES;
				CLANG_WARN_OBJC_LITERAL_CONVERSION = YES;
				CLANG_WARN_OBJC_ROOT_CLASS = YES_ERROR;
				CLANG_WARN_QUOTED_INCLUDE_IN_FRAMEWORK_HEADER = YES;
				CLANG_WARN_RANGE_LOOP_ANALYSIS = YES;
				CLANG_WARN_STRICT_PROTOTYPES = YES;
				CLANG_WARN_SUSPICIOUS_MOVE = YES;
				CLANG_WARN_UNGUARDED_AVAILABILITY = YES_AGGRESSIVE;
				CLANG_WARN_UNREACHABLE_CODE = YES;
				CLANG_WARN__DUPLICATE_METHOD_MATCH = YES;
				COPY_PHASE_STRIP = NO;
				DEBUG_INFORMATION_FORMAT = "dwarf-with-dsym";
				ENABLE_NS_ASSERTIONS = NO;
				ENABLE_STRICT_OBJC_MSGSEND = YES;
				GCC_C_LANGUAGE_STANDARD = gnu11;
				GCC_NO_COMMON_BLOCKS = YES;
				GCC_WARN_64_TO_32_BIT_CONVERSION = YES;
				GCC_WARN_ABOUT_RETURN_TYPE = YES_ERROR;
				GCC_WARN_UNDECLARED_SELECTOR = YES;
				GCC_WARN_UNINITIALIZED_AUTOS = YES_AGGRESSIVE;
				GCC_WARN_UNUSED_FUNCTION = YES;
				GCC_WARN_UNUSED_VARIABLE = YES;
				MACOSX_DEPLOYMENT_TARGET = 12.3;
				MTL_ENABLE_DEBUG_INFO = NO;
				MTL_FAST_MATH = YES;
				SDKROOT = macosx;
				SWIFT_COMPILATION_MODE = wholemodule;
				SWIFT_OPTIMIZATION_LEVEL = "-O";
			};
			name = Release;
		};
		F96DA88328D6F1BE00A76083 /* Debug */ = {
			isa = XCBuildConfiguration;
			buildSettings = {
				CODE_SIGN_STYLE = Automatic;
				DEVELOPMENT_TEAM = CNHBSRK7K7;
				ENABLE_HARDENED_RUNTIME = YES;
				PRODUCT_NAME = "$(TARGET_NAME)";
				SWIFT_VERSION = 5.0;
			};
			name = Debug;
		};
		F96DA88428D6F1BE00A76083 /* Release */ = {
			isa = XCBuildConfiguration;
			buildSettings = {
				CODE_SIGN_STYLE = Automatic;
				DEVELOPMENT_TEAM = CNHBSRK7K7;
				ENABLE_HARDENED_RUNTIME = YES;
				PRODUCT_NAME = "$(TARGET_NAME)";
				SWIFT_VERSION = 5.0;
			};
			name = Release;
		};
/* End XCBuildConfiguration section */

/* Begin XCConfigurationList section */
		F96DA87628D6F1BE00A76083 /* Build configuration list for PBXProject "3.반복문" */ = {
			isa = XCConfigurationList;
			buildConfigurations = (
				F96DA88028D6F1BE00A76083 /* Debug */,
				F96DA88128D6F1BE00A76083 /* Release */,
			);
			defaultConfigurationIsVisible = 0;
			defaultConfigurationName = Release;
		};
		F96DA88228D6F1BE00A76083 /* Build configuration list for PBXNativeTarget "3.반복문" */ = {
			isa = XCConfigurationList;
			buildConfigurations = (
				F96DA88328D6F1BE00A76083 /* Debug */,
				F96DA88428D6F1BE00A76083 /* Release */,
			);
			defaultConfigurationIsVisible = 0;
			defaultConfigurationName = Release;
		};
/* End XCConfigurationList section */
	};
	rootObject = F96DA87328D6F1BE00A76083 /* Project object */;
}
